
Microsoft Visual Studio Solution File, Format Version 12.00
# Visual Studio Version 17
VisualStudioVersion = 17.11.35222.181
MinimumVisualStudioVersion = 10.0.40219.1
Project("{FAE04EC0-301F-11D3-BF4B-00C04F79EFBC}") = "TestDockerK8s", "TestDockerK8s\TestDockerK8s.csproj", "{42E6D1E8-FF01-4A41-A065-8725D0E755D3}"
EndProject
Global
	GlobalSection(SolutionConfigurationPlatforms) = preSolution
		Debug|Any CPU = Debug|Any CPU
		Release|Any CPU = Release|Any CPU
	EndGlobalSection
	GlobalSection(ProjectConfigurationPlatforms) = postSolution
		{42E6D1E8-FF01-4A41-A065-8725D0E755D3}.Debug|Any CPU.ActiveCfg = Debug|Any CPU
		{42E6D1E8-FF01-4A41-A065-8725D0E755D3}.Debug|Any CPU.Build.0 = Debug|Any CPU
		{42E6D1E8-FF01-4A41-A065-8725D0E755D3}.Release|Any CPU.ActiveCfg = Release|Any CPU
		{42E6D1E8-FF01-4A41-A065-8725D0E755D3}.Release|Any CPU.Build.0 = Release|Any CPU
	EndGlobalSection
	GlobalSection(SolutionProperties) = preSolution
		HideSolutionNode = FALSE
	EndGlobalSection
	GlobalSection(ExtensibilityGlobals) = postSolution
		SolutionGuid = {80A70149-9742-4698-8598-A44BA40F4D91}
	EndGlobalSection
EndGlobal
